
Microsoft Visual Studio Solution File, Format Version 12.00
# Visual Studio Version 17
VisualStudioVersion = 17.0.31919.166
MinimumVisualStudioVersion = 10.0.40219.1
Project("{FAE04EC0-301F-11D3-BF4B-00C04F79EFBC}") = "arackiralama", "arackiralama\arackiralama.csproj", "{EBEE5BFD-1F3B-4245-B513-BBBC72D26111}"
EndProject
Global
	GlobalSection(SolutionConfigurationPlatforms) = preSolution
		Debug|Any CPU = Debug|Any CPU
		Release|Any CPU = Release|Any CPU
	EndGlobalSection
	GlobalSection(ProjectConfigurationPlatforms) = postSolution
		{EBEE5BFD-1F3B-4245-B513-BBBC72D26111}.Debug|Any CPU.ActiveCfg = Debug|Any CPU
		{EBEE5BFD-1F3B-4245-B513-BBBC72D26111}.Debug|Any CPU.Build.0 = Debug|Any CPU
		{EBEE5BFD-1F3B-4245-B513-BBBC72D26111}.Release|Any CPU.ActiveCfg = Release|Any CPU
		{EBEE5BFD-1F3B-4245-B513-BBBC72D26111}.Release|Any CPU.Build.0 = Release|Any CPU
	EndGlobalSection
	GlobalSection(SolutionProperties) = preSolution
		HideSolutionNode = FALSE
	EndGlobalSection
	GlobalSection(ExtensibilityGlobals) = postSolution
		SolutionGuid = {0943894A-439E-4024-93FB-167905426B3C}
	EndGlobalSection
EndGlobal
